{
  "object": {
    "pins": [
      {
        "package": "SwiftWind",
        "repositoryURL": "https://github.com/crisrojas/SwiftWind",
        "state": {
          "branch": null,
          "revision": "561aba8e697f1ecd8dce89d5c8d630742a3431d0",
          "version": "0.0.5"
        }
      }
    ]
  },
  "version": 1
}
